
Microsoft Visual Studio Solution File, Format Version 12.00
# Visual Studio Version 17
VisualStudioVersion = 17.13.35828.75 d17.13
MinimumVisualStudioVersion = 10.0.40219.1
Project("{FAE04EC0-301F-11D3-BF4B-00C04F79EFBC}") = "IMPICC-INTERF", "IMPICC-INTERF\IMPICC-INTERF.csproj", "{D2521D08-1FC1-4BFB-8D95-4362D28901D5}"
EndProject
Global
	GlobalSection(SolutionConfigurationPlatforms) = preSolution
		Debug|Any CPU = Debug|Any CPU
		Release|Any CPU = Release|Any CPU
	EndGlobalSection
	GlobalSection(ProjectConfigurationPlatforms) = postSolution
		{D2521D08-1FC1-4BFB-8D95-4362D28901D5}.Debug|Any CPU.ActiveCfg = Debug|Any CPU
		{D2521D08-1FC1-4BFB-8D95-4362D28901D5}.Debug|Any CPU.Build.0 = Debug|Any CPU
		{D2521D08-1FC1-4BFB-8D95-4362D28901D5}.Release|Any CPU.ActiveCfg = Release|Any CPU
		{D2521D08-1FC1-4BFB-8D95-4362D28901D5}.Release|Any CPU.Build.0 = Release|Any CPU
	EndGlobalSection
	GlobalSection(SolutionProperties) = preSolution
		HideSolutionNode = FALSE
	EndGlobalSection
	GlobalSection(ExtensibilityGlobals) = postSolution
		SolutionGuid = {D86FD79E-9339-4FF0-BD94-2CD88F751F7B}
	EndGlobalSection
EndGlobal
